
Microsoft Visual Studio Solution File, Format Version 12.00
# Visual Studio Version 17
VisualStudioVersion = 17.5.002.0
MinimumVisualStudioVersion = 10.0.40219.1
Project("{9A19103F-16F7-4668-BE54-9A1E7A4F7556}") = "cShard_Blazor", "cShard_Blazor.csproj", "{EBD0ACD7-BDF4-48B9-9FD2-64EF89B6EBEE}"
EndProject
Global
	GlobalSection(SolutionConfigurationPlatforms) = preSolution
		Debug|Any CPU = Debug|Any CPU
		Release|Any CPU = Release|Any CPU
	EndGlobalSection
	GlobalSection(ProjectConfigurationPlatforms) = postSolution
		{EBD0ACD7-BDF4-48B9-9FD2-64EF89B6EBEE}.Debug|Any CPU.ActiveCfg = Debug|Any CPU
		{EBD0ACD7-BDF4-48B9-9FD2-64EF89B6EBEE}.Debug|Any CPU.Build.0 = Debug|Any CPU
		{EBD0ACD7-BDF4-48B9-9FD2-64EF89B6EBEE}.Release|Any CPU.ActiveCfg = Release|Any CPU
		{EBD0ACD7-BDF4-48B9-9FD2-64EF89B6EBEE}.Release|Any CPU.Build.0 = Release|Any CPU
	EndGlobalSection
	GlobalSection(SolutionProperties) = preSolution
		HideSolutionNode = FALSE
	EndGlobalSection
	GlobalSection(ExtensibilityGlobals) = postSolution
		SolutionGuid = {35C2BE60-4DCA-412C-B148-07A6E5F29CCA}
	EndGlobalSection
EndGlobal
